
Microsoft Visual Studio Solution File, Format Version 12.00
# Visual Studio Version 16
VisualStudioVersion = 16.0.31729.503
MinimumVisualStudioVersion = 10.0.40219.1
Project("{FAE04EC0-301F-11D3-BF4B-00C04F79EFBC}") = "VariáveisDeTexto", "VariáveisDeTexto\VariáveisDeTexto.csproj", "{BD877653-17C7-4DA9-850A-974222DEF993}"
EndProject
Global
	GlobalSection(SolutionConfigurationPlatforms) = preSolution
		Debug|Any CPU = Debug|Any CPU
		Release|Any CPU = Release|Any CPU
	EndGlobalSection
	GlobalSection(ProjectConfigurationPlatforms) = postSolution
		{BD877653-17C7-4DA9-850A-974222DEF993}.Debug|Any CPU.ActiveCfg = Debug|Any CPU
		{BD877653-17C7-4DA9-850A-974222DEF993}.Debug|Any CPU.Build.0 = Debug|Any CPU
		{BD877653-17C7-4DA9-850A-974222DEF993}.Release|Any CPU.ActiveCfg = Release|Any CPU
		{BD877653-17C7-4DA9-850A-974222DEF993}.Release|Any CPU.Build.0 = Release|Any CPU
	EndGlobalSection
	GlobalSection(SolutionProperties) = preSolution
		HideSolutionNode = FALSE
	EndGlobalSection
	GlobalSection(ExtensibilityGlobals) = postSolution
		SolutionGuid = {276A4FC2-CB2A-48ED-A778-EBC93B40E26D}
	EndGlobalSection
EndGlobal
